// !$*UTF8*$!
{
	archiveVersion = 1;
	classes = {
	};
	objectVersion = 46;
	objects = {

/* Begin PBXBuildFile section */
		A19D1EF61D63FEAE00A6AED7 /* AppDelegate.swift in Sources */ = {isa = PBXBuildFile; fileRef = A19D1EF51D63FEAE00A6AED7 /* AppDelegate.swift */; };
		A19D1EF81D63FEAE00A6AED7 /* ViewController.swift in Sources */ = {isa = PBXBuildFile; fileRef = A19D1EF71D63FEAE00A6AED7 /* ViewController.swift */; };
		A19D1EFB1D63FEAE00A6AED7 /* Main.storyboard in Resources */ = {isa = PBXBuildFile; fileRef = A19D1EF91D63FEAE00A6AED7 /* Main.storyboard */; };
		A19D1EFD1D63FEAE00A6AED7 /* Assets.xcassets in Resources */ = {isa = PBXBuildFile; fileRef = A19D1EFC1D63FEAE00A6AED7 /* Assets.xcassets */; };
		A19D1F001D63FEAE00A6AED7 /* LaunchScreen.storyboard in Resources */ = {isa = PBXBuildFile; fileRef = A19D1EFE1D63FEAE00A6AED7 /* LaunchScreen.storyboard */; };
		A19D1F0E1D63FEDF00A6AED7 /* iCaptcha.framework in Frameworks */ = {isa = PBXBuildFile; fileRef = A19D1F0D1D63FEDF00A6AED7 /* iCaptcha.framework */; };
/* End PBXBuildFile section */

/* Begin PBXFileReference section */
		A19D1EF21D63FEAE00A6AED7 /* iCaptchaSample.app */ = {isa = PBXFileReference; explicitFileType = wrapper.application; includeInIndex = 0; path = iCaptchaSample.app; sourceTree = BUILT_PRODUCTS_DIR; };
		A19D1EF51D63FEAE00A6AED7 /* AppDelegate.swift */ = {isa = PBXFileReference; lastKnownFileType = sourcecode.swift; path = AppDelegate.swift; sourceTree = "<group>"; };
		A19D1EF71D63FEAE00A6AED7 /* ViewController.swift */ = {isa = PBXFileReference; lastKnownFileType = sourcecode.swift; path = ViewController.swift; sourceTree = "<group>"; };
		A19D1EFA1D63FEAE00A6AED7 /* Base */ = {isa = PBXFileReference; lastKnownFileType = file.storyboard; name = Base; path = Base.lproj/Main.storyboard; sourceTree = "<group>"; };
		A19D1EFC1D63FEAE00A6AED7 /* Assets.xcassets */ = {isa = PBXFileReference; lastKnownFileType = folder.assetcatalog; path = Assets.xcassets; sourceTree = "<group>"; };
		A19D1EFF1D63FEAE00A6AED7 /* Base */ = {isa = PBXFileReference; lastKnownFileType = file.storyboard; name = Base; path = Base.lproj/LaunchScreen.storyboard; sourceTree = "<group>"; };
		A19D1F011D63FEAE00A6AED7 /* Info.plist */ = {isa = PBXFileReference; lastKnownFileType = text.plist.xml; path = Info.plist; sourceTree = "<group>"; };
		A19D1F0D1D63FEDF00A6AED7 /* iCaptcha.framework */ = {isa = PBXFileReference; lastKnownFileType = wrapper.framework; name = iCaptcha.framework; path = "../../../../../Library/Developer/Xcode/DerivedData/iCaptcha-bobsadcdbcolhkbdepinlcvawfsb/Build/Products/Debug-iphoneos/iCaptcha.framework"; sourceTree = "<group>"; };
/* End PBXFileReference section */

/* Begin PBXFrameworksBuildPhase section */
		A19D1EEF1D63FEAE00A6AED7 /* Frameworks */ = {
			isa = PBXFrameworksBuildPhase;
			buildActionMask = 2147483647;
			files = (
				A19D1F0E1D63FEDF00A6AED7 /* iCaptcha.framework in Frameworks */,
			);
			runOnlyForDeploymentPostprocessing = 0;
		};
/* End PBXFrameworksBuildPhase section */

/* Begin PBXGroup section */
		A19D1EE91D63FEAE00A6AED7 = {
			isa = PBXGroup;
			children = (
				A19D1F0D1D63FEDF00A6AED7 /* iCaptcha.framework */,
				A19D1EF41D63FEAE00A6AED7 /* iCaptchaSample */,
				A19D1EF31D63FEAE00A6AED7 /* Products */,
			);
			sourceTree = "<group>";
		};
		A19D1EF31D63FEAE00A6AED7 /* Products */ = {
			isa = PBXGroup;
			children = (
				A19D1EF21D63FEAE00A6AED7 /* iCaptchaSample.app */,
			);
			name = Products;
			sourceTree = "<group>";
		};
		A19D1EF41D63FEAE00A6AED7 /* iCaptchaSample */ = {
			isa = PBXGroup;
			children = (
				A19D1EF51D63FEAE00A6AED7 /* AppDelegate.swift */,
				A19D1EF71D63FEAE00A6AED7 /* ViewController.swift */,
				A19D1EF91D63FEAE00A6AED7 /* Main.storyboard */,
				A19D1EFC1D63FEAE00A6AED7 /* Assets.xcassets */,
				A19D1EFE1D63FEAE00A6AED7 /* LaunchScreen.storyboard */,
				A19D1F011D63FEAE00A6AED7 /* Info.plist */,
			);
			path = iCaptchaSample;
			sourceTree = "<group>";
		};
/* End PBXGroup section */

/* Begin PBXNativeTarget section */
		A19D1EF11D63FEAE00A6AED7 /* iCaptchaSample */ = {
			isa = PBXNativeTarget;
			buildConfigurationList = A19D1F041D63FEAE00A6AED7 /* Build configuration list for PBXNativeTarget "iCaptchaSample" */;
			buildPhases = (
				A19D1EEE1D63FEAE00A6AED7 /* Sources */,
				A19D1EEF1D63FEAE00A6AED7 /* Frameworks */,
				A19D1EF01D63FEAE00A6AED7 /* Resources */,
			);
			buildRules = (
			);
			dependencies = (
			);
			name = iCaptchaSample;
			productName = iCaptchaSample;
			productReference = A19D1EF21D63FEAE00A6AED7 /* iCaptchaSample.app */;
			productType = "com.apple.product-type.application";
		};
/* End PBXNativeTarget section */

/* Begin PBXProject section */
		A19D1EEA1D63FEAE00A6AED7 /* Project object */ = {
			isa = PBXProject;
			attributes = {
				LastSwiftUpdateCheck = 0730;
				LastUpgradeCheck = 0730;
				ORGANIZATIONNAME = "Andy Steinmann";
				TargetAttributes = {
					A19D1EF11D63FEAE00A6AED7 = {
						CreatedOnToolsVersion = 7.3.1;
					};
				};
			};
			buildConfigurationList = A19D1EED1D63FEAE00A6AED7 /* Build configuration list for PBXProject "iCaptchaSample" */;
			compatibilityVersion = "Xcode 3.2";
			developmentRegion = English;
			hasScannedForEncodings = 0;
			knownRegions = (
				en,
				Base,
			);
			mainGroup = A19D1EE91D63FEAE00A6AED7;
			productRefGroup = A19D1EF31D63FEAE00A6AED7 /* Products */;
			projectDirPath = "";
			projectRoot = "";
			targets = (
				A19D1EF11D63FEAE00A6AED7 /* iCaptchaSample */,
			);
		};
/* End PBXProject section */

/* Begin PBXResourcesBuildPhase section */
		A19D1EF01D63FEAE00A6AED7 /* Resources */ = {
			isa = PBXResourcesBuildPhase;
			buildActionMask = 2147483647;
			files = (
				A19D1F001D63FEAE00A6AED7 /* LaunchScreen.storyboard in Resources */,
				A19D1EFD1D63FEAE00A6AED7 /* Assets.xcassets in Resources */,
				A19D1EFB1D63FEAE00A6AED7 /* Main.storyboard in Resources */,
			);
			runOnlyForDeploymentPostprocessing = 0;
		};
/* End PBXResourcesBuildPhase section */

/* Begin PBXSourcesBuildPhase section */
		A19D1EEE1D63FEAE00A6AED7 /* Sources */ = {
			isa = PBXSourcesBuildPhase;
			buildActionMask = 2147483647;
			files = (
				A19D1EF81D63FEAE00A6AED7 /* ViewController.swift in Sources */,
				A19D1EF61D63FEAE00A6AED7 /* AppDelegate.swift in Sources */,
			);
			runOnlyForDeploymentPostprocessing = 0;
		};
/* End PBXSourcesBuildPhase section */

/* Begin PBXVariantGroup section */
		A19D1EF91D63FEAE00A6AED7 /* Main.storyboard */ = {
			isa = PBXVariantGroup;
			children = (
				A19D1EFA1D63FEAE00A6AED7 /* Base */,
			);
			name = Main.storyboard;
			sourceTree = "<group>";
		};
		A19D1EFE1D63FEAE00A6AED7 /* LaunchScreen.storyboard */ = {
			isa = PBXVariantGroup;
			children = (
				A19D1EFF1D63FEAE00A6AED7 /* Base */,
			);
			name = LaunchScreen.storyboard;
			sourceTree = "<group>";
		};
/* End PBXVariantGroup section */

/* Begin XCBuildConfiguration section */
		A19D1F021D63FEAE00A6AED7 /* Debug */ = {
			isa = XCBuildConfiguration;
			buildSettings = {
				ALWAYS_SEARCH_USER_PATHS = NO;
				CLANG_ANALYZER_NONNULL = YES;
				CLANG_CXX_LANGUAGE_STANDARD = "gnu++0x";
				CLANG_CXX_LIBRARY = "libc++";
				CLANG_ENABLE_MODULES = YES;
				CLANG_ENABLE_OBJC_ARC = YES;
				CLANG_WARN_BOOL_CONVERSION = YES;
				CLANG_WARN_CONSTANT_CONVERSION = YES;
				CLANG_WARN_DIRECT_OBJC_ISA_USAGE = YES_ERROR;
				CLANG_WARN_EMPTY_BODY = YES;
				CLANG_WARN_ENUM_CONVERSION = YES;
				CLANG_WARN_INT_CONVERSION = YES;
				CLANG_WARN_OBJC_ROOT_CLASS = YES_ERROR;
				CLANG_WARN_UNREACHABLE_CODE = YES;
				CLANG_WARN__DUPLICATE_METHOD_MATCH = YES;
				"CODE_SIGN_IDENTITY[sdk=iphoneos*]" = "iPhone Developer";
				COPY_PHASE_STRIP = NO;
				DEBUG_INFORMATION_FORMAT = dwarf;
				ENABLE_STRICT_OBJC_MSGSEND = YES;
				ENABLE_TESTABILITY = YES;
				GCC_C_LANGUAGE_STANDARD = gnu99;
				GCC_DYNAMIC_NO_PIC = NO;
				GCC_NO_COMMON_BLOCKS = YES;
				GCC_OPTIMIZATION_LEVEL = 0;
				GCC_PREPROCESSOR_DEFINITIONS = (
					"DEBUG=1",
					"$(inherited)",
				);
				GCC_WARN_64_TO_32_BIT_CONVERSION = YES;
				GCC_WARN_ABOUT_RETURN_TYPE = YES_ERROR;
				GCC_WARN_UNDECLARED_SELECTOR = YES;
				GCC_WARN_UNINITIALIZED_AUTOS = YES_AGGRESSIVE;
				GCC_WARN_UNUSED_FUNCTION = YES;
				GCC_WARN_UNUSED_VARIABLE = YES;
				IPHONEOS_DEPLOYMENT_TARGET = 9.3;
				MTL_ENABLE_DEBUG_INFO = YES;
				ONLY_ACTIVE_ARCH = YES;
				SDKROOT = iphoneos;
				SWIFT_OPTIMIZATION_LEVEL = "-Onone";
				TARGETED_DEVICE_FAMILY = "1,2";
			};
			name = Debug;
		};
		A19D1F031D63FEAE00A6AED7 /* Release */ = {
			isa = XCBuildConfiguration;
			buildSettings = {
				ALWAYS_SEARCH_USER_PATHS = NO;
				CLANG_ANALYZER_NONNULL = YES;
				CLANG_CXX_LANGUAGE_STANDARD = "gnu++0x";
				CLANG_CXX_LIBRARY = "libc++";
				CLANG_ENABLE_MODULES = YES;
				CLANG_ENABLE_OBJC_ARC = YES;
				CLANG_WARN_BOOL_CONVERSION = YES;
				CLANG_WARN_CONSTANT_CONVERSION = YES;
				CLANG_WARN_DIRECT_OBJC_ISA_USAGE = YES_ERROR;
				CLANG_WARN_EMPTY_BODY = YES;
				CLANG_WARN_ENUM_CONVERSION = YES;
				CLANG_WARN_INT_CONVERSION = YES;
				CLANG_WARN_OBJC_ROOT_CLASS = YES_ERROR;
				CLANG_WARN_UNREACHABLE_CODE = YES;
				CLANG_WARN__DUPLICATE_METHOD_MATCH = YES;
				"CODE_SIGN_IDENTITY[sdk=iphoneos*]" = "iPhone Developer";
				COPY_PHASE_STRIP = NO;
				DEBUG_INFORMATION_FORMAT = "dwarf-with-dsym";
				ENABLE_NS_ASSERTIONS = NO;
				ENABLE_STRICT_OBJC_MSGSEND = YES;
				GCC_C_LANGUAGE_STANDARD = gnu99;
				GCC_NO_COMMON_BLOCKS = YES;
				GCC_WARN_64_TO_32_BIT_CONVERSION = YES;
				GCC_WARN_ABOUT_RETURN_TYPE = YES_ERROR;
				GCC_WARN_UNDECLARED_SELECTOR = YES;
				GCC_WARN_UNINITIALIZED_AUTOS = YES_AGGRESSIVE;
				GCC_WARN_UNUSED_FUNCTION = YES;
				GCC_WARN_UNUSED_VARIABLE = YES;
				IPHONEOS_DEPLOYMENT_TARGET = 9.3;
				MTL_ENABLE_DEBUG_INFO = NO;
				SDKROOT = iphoneos;
				TARGETED_DEVICE_FAMILY = "1,2";
				VALIDATE_PRODUCT = YES;
			};
			name = Release;
		};
		A19D1F051D63FEAE00A6AED7 /* Debug */ = {
			isa = XCBuildConfiguration;
			buildSettings = {
				ASSETCATALOG_COMPILER_APPICON_NAME = AppIcon;
				INFOPLIST_FILE = iCaptchaSample/Info.plist;
				LD_RUNPATH_SEARCH_PATHS = "$(inherited) @executable_path/Frameworks";
				PRODUCT_BUNDLE_IDENTIFIER = com.DLS.iCaptchaSample;
				PRODUCT_NAME = "$(TARGET_NAME)";
			};
			name = Debug;
		};
		A19D1F061D63FEAE00A6AED7 /* Release */ = {
			isa = XCBuildConfiguration;
			buildSettings = {
				ASSETCATALOG_COMPILER_APPICON_NAME = AppIcon;
				INFOPLIST_FILE = iCaptchaSample/Info.plist;
				LD_RUNPATH_SEARCH_PATHS = "$(inherited) @executable_path/Frameworks";
				PRODUCT_BUNDLE_IDENTIFIER = com.DLS.iCaptchaSample;
				PRODUCT_NAME = "$(TARGET_NAME)";
			};
			name = Release;
		};
/* End XCBuildConfiguration section */

/* Begin XCConfigurationList section */
		A19D1EED1D63FEAE00A6AED7 /* Build configuration list for PBXProject "iCaptchaSample" */ = {
			isa = XCConfigurationList;
			buildConfigurations = (
				A19D1F021D63FEAE00A6AED7 /* Debug */,
				A19D1F031D63FEAE00A6AED7 /* Release */,
			);
			defaultConfigurationIsVisible = 0;
			defaultConfigurationName = Release;
		};
		A19D1F041D63FEAE00A6AED7 /* Build configuration list for PBXNativeTarget "iCaptchaSample" */ = {
			isa = XCConfigurationList;
			buildConfigurations = (
				A19D1F051D63FEAE00A6AED7 /* Debug */,
				A19D1F061D63FEAE00A6AED7 /* Release */,
			);
			defaultConfigurationIsVisible = 0;
		};
/* End XCConfigurationList section */
	};
	rootObject = A19D1EEA1D63FEAE00A6AED7 /* Project object */;
}
